
Microsoft Visual Studio Solution File, Format Version 12.00
# Visual Studio Version 17
VisualStudioVersion = 17.11.35327.3
MinimumVisualStudioVersion = 10.0.40219.1
Project("{FAE04EC0-301F-11D3-BF4B-00C04F79EFBC}") = "KURSISHI_11", "KURSISHI_11.csproj", "{A3C59C73-6328-4FCE-90F8-16B2665EAB0C}"
EndProject
Global
	GlobalSection(SolutionConfigurationPlatforms) = preSolution
		Debug|Any CPU = Debug|Any CPU
		Release|Any CPU = Release|Any CPU
	EndGlobalSection
	GlobalSection(ProjectConfigurationPlatforms) = postSolution
		{A3C59C73-6328-4FCE-90F8-16B2665EAB0C}.Debug|Any CPU.ActiveCfg = Debug|Any CPU
		{A3C59C73-6328-4FCE-90F8-16B2665EAB0C}.Debug|Any CPU.Build.0 = Debug|Any CPU
		{A3C59C73-6328-4FCE-90F8-16B2665EAB0C}.Release|Any CPU.ActiveCfg = Release|Any CPU
		{A3C59C73-6328-4FCE-90F8-16B2665EAB0C}.Release|Any CPU.Build.0 = Release|Any CPU
	EndGlobalSection
	GlobalSection(SolutionProperties) = preSolution
		HideSolutionNode = FALSE
	EndGlobalSection
	GlobalSection(ExtensibilityGlobals) = postSolution
		SolutionGuid = {48BA573B-3DD5-4D65-AC6A-CCD4B10AF113}
	EndGlobalSection
EndGlobal
